// !$*UTF8*$!
{
	archiveVersion = 1;
	classes = {
	};
	objectVersion = 50;
	objects = {

/* Begin PBXBuildFile section */
		D42658D02236341000FB79AB /* ChartTypes.swift in Sources */ = {isa = PBXBuildFile; fileRef = D42658CF2236341000FB79AB /* ChartTypes.swift */; };
		D42658D2223678CC00FB79AB /* StatSectionHeader.swift in Sources */ = {isa = PBXBuildFile; fileRef = D42658D1223678CC00FB79AB /* StatSectionHeader.swift */; };
		D42B7A4C223952E800733F2F /* ChartNode.swift in Sources */ = {isa = PBXBuildFile; fileRef = D42B7A4B223952E800733F2F /* ChartNode.swift */; };
		D42B7A4E22396D6800733F2F /* ChartSliderNode.swift in Sources */ = {isa = PBXBuildFile; fileRef = D42B7A4D22396D6800733F2F /* ChartSliderNode.swift */; };
		D42B7A502239750400733F2F /* ChartNavigatorNode.swift in Sources */ = {isa = PBXBuildFile; fileRef = D42B7A4F2239750400733F2F /* ChartNavigatorNode.swift */; };
		D42B7A522239779B00733F2F /* ChartScene.swift in Sources */ = {isa = PBXBuildFile; fileRef = D42B7A512239779B00733F2F /* ChartScene.swift */; };
		D42B7A562239893E00733F2F /* ChartFigureNode.swift in Sources */ = {isa = PBXBuildFile; fileRef = D42B7A552239893E00733F2F /* ChartFigureNode.swift */; };
		D42B7A5822398B8A00733F2F /* CGRectExtensions.swift in Sources */ = {isa = PBXBuildFile; fileRef = D42B7A5722398B8A00733F2F /* CGRectExtensions.swift */; };
		D45B789F223A521A002134ED /* ChartSliderArrowNode.swift in Sources */ = {isa = PBXBuildFile; fileRef = D45B789E223A521A002134ED /* ChartSliderArrowNode.swift */; };
		D45B78A1223A5A22002134ED /* ChartInteractor.swift in Sources */ = {isa = PBXBuildFile; fileRef = D45B78A0223A5A22002134ED /* ChartInteractor.swift */; };
		D45B78A5223A60EE002134ED /* ChartInteractorScenario.swift in Sources */ = {isa = PBXBuildFile; fileRef = D45B78A4223A60EE002134ED /* ChartInteractorScenario.swift */; };
		D45B78A7223A610C002134ED /* ChartInteractorMoveScenario.swift in Sources */ = {isa = PBXBuildFile; fileRef = D45B78A6223A610C002134ED /* ChartInteractorMoveScenario.swift */; };
		D45B78A9223A673D002134ED /* CGPointExtensions.swift in Sources */ = {isa = PBXBuildFile; fileRef = D45B78A8223A673D002134ED /* CGPointExtensions.swift */; };
		D45B78AB223A67D3002134ED /* CGVectorExtensions.swift in Sources */ = {isa = PBXBuildFile; fileRef = D45B78AA223A67D3002134ED /* CGVectorExtensions.swift */; };
		D45D926F224411EB004E136C /* ChartVerticalStepNode.swift in Sources */ = {isa = PBXBuildFile; fileRef = D45D926E224411EB004E136C /* ChartVerticalStepNode.swift */; };
		D460353D2244DBC9006551F9 /* GameKit.framework in Frameworks */ = {isa = PBXBuildFile; fileRef = D460353C2244DBC9006551F9 /* GameKit.framework */; };
		D460353F2244DBCF006551F9 /* StoreKit.framework in Frameworks */ = {isa = PBXBuildFile; fileRef = D460353E2244DBCF006551F9 /* StoreKit.framework */; };
		D461821D2234614F006B72A7 /* AppDelegate.swift in Sources */ = {isa = PBXBuildFile; fileRef = D461821C2234614F006B72A7 /* AppDelegate.swift */; };
		D461822422346151006B72A7 /* Assets.xcassets in Resources */ = {isa = PBXBuildFile; fileRef = D461822322346151006B72A7 /* Assets.xcassets */; };
		D461822722346151006B72A7 /* LaunchScreen.storyboard in Resources */ = {isa = PBXBuildFile; fileRef = D461822522346151006B72A7 /* LaunchScreen.storyboard */; };
		D461823322346536006B72A7 /* Heartbeat.swift in Sources */ = {isa = PBXBuildFile; fileRef = D461823222346536006B72A7 /* Heartbeat.swift */; };
		D4618236223465B2006B72A7 /* DesignBook.swift in Sources */ = {isa = PBXBuildFile; fileRef = D4618235223465B2006B72A7 /* DesignBook.swift */; };
		D461823922346690006B72A7 /* HeartbeatProviders.swift in Sources */ = {isa = PBXBuildFile; fileRef = D461823822346690006B72A7 /* HeartbeatProviders.swift */; };
		D461823B22346760006B72A7 /* LocaleProvider.swift in Sources */ = {isa = PBXBuildFile; fileRef = D461823A22346760006B72A7 /* LocaleProvider.swift */; };
		D461824122346BEC006B72A7 /* FormattingProvider.swift in Sources */ = {isa = PBXBuildFile; fileRef = D461824022346BEC006B72A7 /* FormattingProvider.swift */; };
		D461824322346C30006B72A7 /* FormattingTypes.swift in Sources */ = {isa = PBXBuildFile; fileRef = D461824222346C30006B72A7 /* FormattingTypes.swift */; };
		D461824522346FF3006B72A7 /* DesignTypes.swift in Sources */ = {isa = PBXBuildFile; fileRef = D461824422346FF3006B72A7 /* DesignTypes.swift */; };
		D46182472234D7B8006B72A7 /* BaseRouter.swift in Sources */ = {isa = PBXBuildFile; fileRef = D46182462234D7B8006B72A7 /* BaseRouter.swift */; };
		D461824B2234D7E4006B72A7 /* RootRouter.swift in Sources */ = {isa = PBXBuildFile; fileRef = D46182482234D7E4006B72A7 /* RootRouter.swift */; };
		D461824C2234D7E4006B72A7 /* RootViewController.swift in Sources */ = {isa = PBXBuildFile; fileRef = D46182492234D7E4006B72A7 /* RootViewController.swift */; };
		D461824D2234D7E4006B72A7 /* RootInteractor.swift in Sources */ = {isa = PBXBuildFile; fileRef = D461824A2234D7E4006B72A7 /* RootInteractor.swift */; };
		D461824F2234D97B006B72A7 /* BaseViewController.swift in Sources */ = {isa = PBXBuildFile; fileRef = D461824E2234D97B006B72A7 /* BaseViewController.swift */; };
		D46182512234D99B006B72A7 /* BaseNavigationController.swift in Sources */ = {isa = PBXBuildFile; fileRef = D46182502234D99B006B72A7 /* BaseNavigationController.swift */; };
		D46182552234DA0D006B72A7 /* StatRouter.swift in Sources */ = {isa = PBXBuildFile; fileRef = D46182522234DA0D006B72A7 /* StatRouter.swift */; };
		D46182562234DA0D006B72A7 /* StatViewController.swift in Sources */ = {isa = PBXBuildFile; fileRef = D46182532234DA0D006B72A7 /* StatViewController.swift */; };
		D46182572234DA0D006B72A7 /* StatInteractor.swift in Sources */ = {isa = PBXBuildFile; fileRef = D46182542234DA0D006B72A7 /* StatInteractor.swift */; };
		D46182592234DB2B006B72A7 /* BaseInteractor.swift in Sources */ = {isa = PBXBuildFile; fileRef = D46182582234DB2B006B72A7 /* BaseInteractor.swift */; };
		D46182662234E0D5006B72A7 /* Localizable.strings in Resources */ = {isa = PBXBuildFile; fileRef = D46182682234E0D5006B72A7 /* Localizable.strings */; };
		D461826E2234E35E006B72A7 /* StatDataSource.swift in Sources */ = {isa = PBXBuildFile; fileRef = D461826D2234E35E006B72A7 /* StatDataSource.swift */; };
		D4618270223595A8006B72A7 /* chart_data.json in Resources */ = {isa = PBXBuildFile; fileRef = D461826F223595A8006B72A7 /* chart_data.json */; };
		D461827422359873006B72A7 /* HeartbeatWorkers.swift in Sources */ = {isa = PBXBuildFile; fileRef = D461827322359873006B72A7 /* HeartbeatWorkers.swift */; };
		D461827622359895006B72A7 /* StatWorker.swift in Sources */ = {isa = PBXBuildFile; fileRef = D461827522359895006B72A7 /* StatWorker.swift */; };
		D461827822359927006B72A7 /* StatTypes.swift in Sources */ = {isa = PBXBuildFile; fileRef = D461827722359927006B72A7 /* StatTypes.swift */; };
		D461827A2235A0D5006B72A7 /* StatParser.swift in Sources */ = {isa = PBXBuildFile; fileRef = D46182792235A0D5006B72A7 /* StatParser.swift */; };
		D46182812235A571006B72A7 /* JsonReader.swift in Sources */ = {isa = PBXBuildFile; fileRef = D46182802235A571006B72A7 /* JsonReader.swift */; };
		D46182862235AF64006B72A7 /* BroadcastObservable.swift in Sources */ = {isa = PBXBuildFile; fileRef = D46182852235AF64006B72A7 /* BroadcastObservable.swift */; };
		D46182882235AFB6006B72A7 /* BroadcastObserver.swift in Sources */ = {isa = PBXBuildFile; fileRef = D46182872235AFB6006B72A7 /* BroadcastObserver.swift */; };
		D461828A2235C902006B72A7 /* UIColorExtensions.swift in Sources */ = {isa = PBXBuildFile; fileRef = D46182892235C902006B72A7 /* UIColorExtensions.swift */; };
		D461828E223630A0006B72A7 /* ChartControl.swift in Sources */ = {isa = PBXBuildFile; fileRef = D461828D223630A0006B72A7 /* ChartControl.swift */; };
		D4618290223630AE006B72A7 /* ChartView.swift in Sources */ = {isa = PBXBuildFile; fileRef = D461828F223630AE006B72A7 /* ChartView.swift */; };
		D48EEF5C2237C6EE00C232E6 /* ChartGraphNode.swift in Sources */ = {isa = PBXBuildFile; fileRef = D48EEF5B2237C6ED00C232E6 /* ChartGraphNode.swift */; };
		D4984A96225A6B150008C552 /* ChartHeader.swift in Sources */ = {isa = PBXBuildFile; fileRef = D4984A95225A6B150008C552 /* ChartHeader.swift */; };
		D4984A98225A78BD0008C552 /* ChartOptions.swift in Sources */ = {isa = PBXBuildFile; fileRef = D4984A97225A78BD0008C552 /* ChartOptions.swift */; };
		D4984A9B225A80180008C552 /* ChartOptionsTypes.swift in Sources */ = {isa = PBXBuildFile; fileRef = D4984A9A225A80180008C552 /* ChartOptionsTypes.swift */; };
		D4984A9D225A80320008C552 /* ChartOptionToken.swift in Sources */ = {isa = PBXBuildFile; fileRef = D4984A9C225A80320008C552 /* ChartOptionToken.swift */; };
		D4984A9F225B42950008C552 /* ChartLineGraphNode.swift in Sources */ = {isa = PBXBuildFile; fileRef = D4984A9E225B42950008C552 /* ChartLineGraphNode.swift */; };
		D4984AA1225B47340008C552 /* ChartGuideNode.swift in Sources */ = {isa = PBXBuildFile; fileRef = D4984AA0225B47340008C552 /* ChartGuideNode.swift */; };
		D4984AA3225B4AE00008C552 /* ChartPointerNode.swift in Sources */ = {isa = PBXBuildFile; fileRef = D4984AA2225B4AE00008C552 /* ChartPointerNode.swift */; };
		D4AECB0E224156D300AE5D89 /* ChartPointerCloudNode.swift in Sources */ = {isa = PBXBuildFile; fileRef = D4AECB0D224156D300AE5D89 /* ChartPointerCloudNode.swift */; };
		D4AECB102241734000AE5D89 /* ChartInteractionPointScenario.swift in Sources */ = {isa = PBXBuildFile; fileRef = D4AECB0F2241734000AE5D89 /* ChartInteractionPointScenario.swift */; };
		D4BE0CAD223D8FAC001DEE03 /* ChartTimelineNode.swift in Sources */ = {isa = PBXBuildFile; fileRef = D4BE0CAC223D8FAC001DEE03 /* ChartTimelineNode.swift */; };
		D4BE0CAF223D8FF1001DEE03 /* ChartSlicableNode.swift in Sources */ = {isa = PBXBuildFile; fileRef = D4BE0CAE223D8FF1001DEE03 /* ChartSlicableNode.swift */; };
		D4BE0CB1223D929E001DEE03 /* ChartLabelNode.swift in Sources */ = {isa = PBXBuildFile; fileRef = D4BE0CB0223D929E001DEE03 /* ChartLabelNode.swift */; };
		D4D0F25B223AB37300F69F8C /* ChartInteractionScaleScenario.swift in Sources */ = {isa = PBXBuildFile; fileRef = D4D0F25A223AB37300F69F8C /* ChartInteractionScaleScenario.swift */; };
		D4F4610B2238C60B00EDDF90 /* global.swift in Sources */ = {isa = PBXBuildFile; fileRef = D4F4610A2238C60B00EDDF90 /* global.swift */; };
/* End PBXBuildFile section */

/* Begin PBXFileReference section */
		D42658CF2236341000FB79AB /* ChartTypes.swift */ = {isa = PBXFileReference; lastKnownFileType = sourcecode.swift; path = ChartTypes.swift; sourceTree = "<group>"; };
		D42658D1223678CC00FB79AB /* StatSectionHeader.swift */ = {isa = PBXFileReference; lastKnownFileType = sourcecode.swift; path = StatSectionHeader.swift; sourceTree = "<group>"; };
		D42B7A4B223952E800733F2F /* ChartNode.swift */ = {isa = PBXFileReference; lastKnownFileType = sourcecode.swift; path = ChartNode.swift; sourceTree = "<group>"; };
		D42B7A4D22396D6800733F2F /* ChartSliderNode.swift */ = {isa = PBXFileReference; lastKnownFileType = sourcecode.swift; path = ChartSliderNode.swift; sourceTree = "<group>"; };
		D42B7A4F2239750400733F2F /* ChartNavigatorNode.swift */ = {isa = PBXFileReference; lastKnownFileType = sourcecode.swift; path = ChartNavigatorNode.swift; sourceTree = "<group>"; };
		D42B7A512239779B00733F2F /* ChartScene.swift */ = {isa = PBXFileReference; lastKnownFileType = sourcecode.swift; path = ChartScene.swift; sourceTree = "<group>"; };
		D42B7A552239893E00733F2F /* ChartFigureNode.swift */ = {isa = PBXFileReference; lastKnownFileType = sourcecode.swift; path = ChartFigureNode.swift; sourceTree = "<group>"; };
		D42B7A5722398B8A00733F2F /* CGRectExtensions.swift */ = {isa = PBXFileReference; lastKnownFileType = sourcecode.swift; path = CGRectExtensions.swift; sourceTree = "<group>"; };
		D45B789E223A521A002134ED /* ChartSliderArrowNode.swift */ = {isa = PBXFileReference; lastKnownFileType = sourcecode.swift; path = ChartSliderArrowNode.swift; sourceTree = "<group>"; };
		D45B78A0223A5A22002134ED /* ChartInteractor.swift */ = {isa = PBXFileReference; lastKnownFileType = sourcecode.swift; path = ChartInteractor.swift; sourceTree = "<group>"; };
		D45B78A4223A60EE002134ED /* ChartInteractorScenario.swift */ = {isa = PBXFileReference; lastKnownFileType = sourcecode.swift; path = ChartInteractorScenario.swift; sourceTree = "<group>"; };
		D45B78A6223A610C002134ED /* ChartInteractorMoveScenario.swift */ = {isa = PBXFileReference; lastKnownFileType = sourcecode.swift; path = ChartInteractorMoveScenario.swift; sourceTree = "<group>"; };
		D45B78A8223A673D002134ED /* CGPointExtensions.swift */ = {isa = PBXFileReference; lastKnownFileType = sourcecode.swift; path = CGPointExtensions.swift; sourceTree = "<group>"; };
		D45B78AA223A67D3002134ED /* CGVectorExtensions.swift */ = {isa = PBXFileReference; lastKnownFileType = sourcecode.swift; path = CGVectorExtensions.swift; sourceTree = "<group>"; };
		D45D926E224411EB004E136C /* ChartVerticalStepNode.swift */ = {isa = PBXFileReference; lastKnownFileType = sourcecode.swift; path = ChartVerticalStepNode.swift; sourceTree = "<group>"; };
		D460353C2244DBC9006551F9 /* GameKit.framework */ = {isa = PBXFileReference; lastKnownFileType = wrapper.framework; name = GameKit.framework; path = System/Library/Frameworks/GameKit.framework; sourceTree = SDKROOT; };
		D460353E2244DBCF006551F9 /* StoreKit.framework */ = {isa = PBXFileReference; lastKnownFileType = wrapper.framework; name = StoreKit.framework; path = System/Library/Frameworks/StoreKit.framework; sourceTree = SDKROOT; };
		D46182192234614F006B72A7 /* TGCharts.app */ = {isa = PBXFileReference; explicitFileType = wrapper.application; includeInIndex = 0; path = TGCharts.app; sourceTree = BUILT_PRODUCTS_DIR; };
		D461821C2234614F006B72A7 /* AppDelegate.swift */ = {isa = PBXFileReference; lastKnownFileType = sourcecode.swift; path = AppDelegate.swift; sourceTree = "<group>"; };
		D461822322346151006B72A7 /* Assets.xcassets */ = {isa = PBXFileReference; lastKnownFileType = folder.assetcatalog; path = Assets.xcassets; sourceTree = "<group>"; };
		D461822822346151006B72A7 /* Info.plist */ = {isa = PBXFileReference; lastKnownFileType = text.plist.xml; path = Info.plist; sourceTree = "<group>"; };
		D461823222346536006B72A7 /* Heartbeat.swift */ = {isa = PBXFileReference; lastKnownFileType = sourcecode.swift; path = Heartbeat.swift; sourceTree = "<group>"; };
		D4618235223465B2006B72A7 /* DesignBook.swift */ = {isa = PBXFileReference; lastKnownFileType = sourcecode.swift; path = DesignBook.swift; sourceTree = "<group>"; };
		D461823822346690006B72A7 /* HeartbeatProviders.swift */ = {isa = PBXFileReference; lastKnownFileType = sourcecode.swift; path = HeartbeatProviders.swift; sourceTree = "<group>"; };
		D461823A22346760006B72A7 /* LocaleProvider.swift */ = {isa = PBXFileReference; lastKnownFileType = sourcecode.swift; path = LocaleProvider.swift; sourceTree = "<group>"; };
		D461824022346BEC006B72A7 /* FormattingProvider.swift */ = {isa = PBXFileReference; lastKnownFileType = sourcecode.swift; path = FormattingProvider.swift; sourceTree = "<group>"; };
		D461824222346C30006B72A7 /* FormattingTypes.swift */ = {isa = PBXFileReference; lastKnownFileType = sourcecode.swift; path = FormattingTypes.swift; sourceTree = "<group>"; };
		D461824422346FF3006B72A7 /* DesignTypes.swift */ = {isa = PBXFileReference; lastKnownFileType = sourcecode.swift; path = DesignTypes.swift; sourceTree = "<group>"; };
		D46182462234D7B8006B72A7 /* BaseRouter.swift */ = {isa = PBXFileReference; lastKnownFileType = sourcecode.swift; path = BaseRouter.swift; sourceTree = "<group>"; };
		D46182482234D7E4006B72A7 /* RootRouter.swift */ = {isa = PBXFileReference; lastKnownFileType = sourcecode.swift; path = RootRouter.swift; sourceTree = "<group>"; };
		D46182492234D7E4006B72A7 /* RootViewController.swift */ = {isa = PBXFileReference; lastKnownFileType = sourcecode.swift; path = RootViewController.swift; sourceTree = "<group>"; };
		D461824A2234D7E4006B72A7 /* RootInteractor.swift */ = {isa = PBXFileReference; lastKnownFileType = sourcecode.swift; path = RootInteractor.swift; sourceTree = "<group>"; };
		D461824E2234D97B006B72A7 /* BaseViewController.swift */ = {isa = PBXFileReference; lastKnownFileType = sourcecode.swift; path = BaseViewController.swift; sourceTree = "<group>"; };
		D46182502234D99B006B72A7 /* BaseNavigationController.swift */ = {isa = PBXFileReference; lastKnownFileType = sourcecode.swift; path = BaseNavigationController.swift; sourceTree = "<group>"; };
		D46182522234DA0D006B72A7 /* StatRouter.swift */ = {isa = PBXFileReference; lastKnownFileType = sourcecode.swift; path = StatRouter.swift; sourceTree = "<group>"; };
		D46182532234DA0D006B72A7 /* StatViewController.swift */ = {isa = PBXFileReference; lastKnownFileType = sourcecode.swift; path = StatViewController.swift; sourceTree = "<group>"; };
		D46182542234DA0D006B72A7 /* StatInteractor.swift */ = {isa = PBXFileReference; lastKnownFileType = sourcecode.swift; path = StatInteractor.swift; sourceTree = "<group>"; };
		D46182582234DB2B006B72A7 /* BaseInteractor.swift */ = {isa = PBXFileReference; lastKnownFileType = sourcecode.swift; path = BaseInteractor.swift; sourceTree = "<group>"; };
		D46182612234DFED006B72A7 /* ru */ = {isa = PBXFileReference; lastKnownFileType = file.storyboard; name = ru; path = ru.lproj/LaunchScreen.storyboard; sourceTree = "<group>"; };
		D46182632234DFF6006B72A7 /* Base */ = {isa = PBXFileReference; lastKnownFileType = file.storyboard; name = Base; path = Base.lproj/LaunchScreen.storyboard; sourceTree = "<group>"; };
		D46182692234E0D9006B72A7 /* ru */ = {isa = PBXFileReference; lastKnownFileType = text.plist.strings; name = ru; path = ru.lproj/Localizable.strings; sourceTree = "<group>"; };
		D461826A2234E106006B72A7 /* Base */ = {isa = PBXFileReference; lastKnownFileType = text.plist.strings; name = Base; path = Base.lproj/Localizable.strings; sourceTree = "<group>"; };
		D461826D2234E35E006B72A7 /* StatDataSource.swift */ = {isa = PBXFileReference; lastKnownFileType = sourcecode.swift; path = StatDataSource.swift; sourceTree = "<group>"; };
		D461826F223595A8006B72A7 /* chart_data.json */ = {isa = PBXFileReference; fileEncoding = 4; lastKnownFileType = text.json; path = chart_data.json; sourceTree = "<group>"; };
		D461827322359873006B72A7 /* HeartbeatWorkers.swift */ = {isa = PBXFileReference; lastKnownFileType = sourcecode.swift; path = HeartbeatWorkers.swift; sourceTree = "<group>"; };
		D461827522359895006B72A7 /* StatWorker.swift */ = {isa = PBXFileReference; lastKnownFileType = sourcecode.swift; path = StatWorker.swift; sourceTree = "<group>"; };
		D461827722359927006B72A7 /* StatTypes.swift */ = {isa = PBXFileReference; lastKnownFileType = sourcecode.swift; path = StatTypes.swift; sourceTree = "<group>"; };
		D46182792235A0D5006B72A7 /* StatParser.swift */ = {isa = PBXFileReference; lastKnownFileType = sourcecode.swift; path = StatParser.swift; sourceTree = "<group>"; };
		D46182802235A571006B72A7 /* JsonReader.swift */ = {isa = PBXFileReference; lastKnownFileType = sourcecode.swift; path = JsonReader.swift; sourceTree = "<group>"; };
		D46182852235AF64006B72A7 /* BroadcastObservable.swift */ = {isa = PBXFileReference; lastKnownFileType = sourcecode.swift; path = BroadcastObservable.swift; sourceTree = "<group>"; };
		D46182872235AFB6006B72A7 /* BroadcastObserver.swift */ = {isa = PBXFileReference; lastKnownFileType = sourcecode.swift; path = BroadcastObserver.swift; sourceTree = "<group>"; };
		D46182892235C902006B72A7 /* UIColorExtensions.swift */ = {isa = PBXFileReference; lastKnownFileType = sourcecode.swift; path = UIColorExtensions.swift; sourceTree = "<group>"; };
		D461828D223630A0006B72A7 /* ChartControl.swift */ = {isa = PBXFileReference; lastKnownFileType = sourcecode.swift; path = ChartControl.swift; sourceTree = "<group>"; };
		D461828F223630AE006B72A7 /* ChartView.swift */ = {isa = PBXFileReference; lastKnownFileType = sourcecode.swift; path = ChartView.swift; sourceTree = "<group>"; };
		D48EEF5B2237C6ED00C232E6 /* ChartGraphNode.swift */ = {isa = PBXFileReference; lastKnownFileType = sourcecode.swift; path = ChartGraphNode.swift; sourceTree = "<group>"; };
		D4984A95225A6B150008C552 /* ChartHeader.swift */ = {isa = PBXFileReference; lastKnownFileType = sourcecode.swift; path = ChartHeader.swift; sourceTree = "<group>"; };
		D4984A97225A78BD0008C552 /* ChartOptions.swift */ = {isa = PBXFileReference; lastKnownFileType = sourcecode.swift; path = ChartOptions.swift; sourceTree = "<group>"; };
		D4984A9A225A80180008C552 /* ChartOptionsTypes.swift */ = {isa = PBXFileReference; lastKnownFileType = sourcecode.swift; path = ChartOptionsTypes.swift; sourceTree = "<group>"; };
		D4984A9C225A80320008C552 /* ChartOptionToken.swift */ = {isa = PBXFileReference; lastKnownFileType = sourcecode.swift; path = ChartOptionToken.swift; sourceTree = "<group>"; };
		D4984A9E225B42950008C552 /* ChartLineGraphNode.swift */ = {isa = PBXFileReference; lastKnownFileType = sourcecode.swift; path = ChartLineGraphNode.swift; sourceTree = "<group>"; };
		D4984AA0225B47340008C552 /* ChartGuideNode.swift */ = {isa = PBXFileReference; lastKnownFileType = sourcecode.swift; path = ChartGuideNode.swift; sourceTree = "<group>"; };
		D4984AA2225B4AE00008C552 /* ChartPointerNode.swift */ = {isa = PBXFileReference; lastKnownFileType = sourcecode.swift; path = ChartPointerNode.swift; sourceTree = "<group>"; };
		D4AECB0D224156D300AE5D89 /* ChartPointerCloudNode.swift */ = {isa = PBXFileReference; lastKnownFileType = sourcecode.swift; path = ChartPointerCloudNode.swift; sourceTree = "<group>"; };
		D4AECB0F2241734000AE5D89 /* ChartInteractionPointScenario.swift */ = {isa = PBXFileReference; lastKnownFileType = sourcecode.swift; path = ChartInteractionPointScenario.swift; sourceTree = "<group>"; };
		D4BE0CAC223D8FAC001DEE03 /* ChartTimelineNode.swift */ = {isa = PBXFileReference; lastKnownFileType = sourcecode.swift; path = ChartTimelineNode.swift; sourceTree = "<group>"; };
		D4BE0CAE223D8FF1001DEE03 /* ChartSlicableNode.swift */ = {isa = PBXFileReference; lastKnownFileType = sourcecode.swift; path = ChartSlicableNode.swift; sourceTree = "<group>"; };
		D4BE0CB0223D929E001DEE03 /* ChartLabelNode.swift */ = {isa = PBXFileReference; lastKnownFileType = sourcecode.swift; path = ChartLabelNode.swift; sourceTree = "<group>"; };
		D4D0F25A223AB37300F69F8C /* ChartInteractionScaleScenario.swift */ = {isa = PBXFileReference; lastKnownFileType = sourcecode.swift; path = ChartInteractionScaleScenario.swift; sourceTree = "<group>"; };
		D4F4610A2238C60B00EDDF90 /* global.swift */ = {isa = PBXFileReference; lastKnownFileType = sourcecode.swift; path = global.swift; sourceTree = "<group>"; };
/* End PBXFileReference section */

/* Begin PBXFrameworksBuildPhase section */
		D46182162234614F006B72A7 /* Frameworks */ = {
			isa = PBXFrameworksBuildPhase;
			buildActionMask = 2147483647;
			files = (
				D460353D2244DBC9006551F9 /* GameKit.framework in Frameworks */,
				D460353F2244DBCF006551F9 /* StoreKit.framework in Frameworks */,
			);
			runOnlyForDeploymentPostprocessing = 0;
		};
/* End PBXFrameworksBuildPhase section */

/* Begin PBXGroup section */
		D45B78A3223A60B8002134ED /* Scenarios */ = {
			isa = PBXGroup;
			children = (
				D45B78A4223A60EE002134ED /* ChartInteractorScenario.swift */,
				D45B78A6223A610C002134ED /* ChartInteractorMoveScenario.swift */,
				D4D0F25A223AB37300F69F8C /* ChartInteractionScaleScenario.swift */,
				D4AECB0F2241734000AE5D89 /* ChartInteractionPointScenario.swift */,
			);
			path = Scenarios;
			sourceTree = "<group>";
		};
		D45D92702244393C004E136C /* Basic */ = {
			isa = PBXGroup;
			children = (
				D42B7A4B223952E800733F2F /* ChartNode.swift */,
				D42B7A552239893E00733F2F /* ChartFigureNode.swift */,
				D4BE0CB0223D929E001DEE03 /* ChartLabelNode.swift */,
			);
			path = Basic;
			sourceTree = "<group>";
		};
		D460353B2244DBC9006551F9 /* Frameworks */ = {
			isa = PBXGroup;
			children = (
				D460353E2244DBCF006551F9 /* StoreKit.framework */,
				D460353C2244DBC9006551F9 /* GameKit.framework */,
			);
			name = Frameworks;
			sourceTree = "<group>";
		};
		D46182102234614F006B72A7 = {
			isa = PBXGroup;
			children = (
				D461821B2234614F006B72A7 /* TGCharts */,
				D461821A2234614F006B72A7 /* Products */,
				D460353B2244DBC9006551F9 /* Frameworks */,
			);
			sourceTree = "<group>";
		};
		D461821A2234614F006B72A7 /* Products */ = {
			isa = PBXGroup;
			children = (
				D46182192234614F006B72A7 /* TGCharts.app */,
			);
			name = Products;
			sourceTree = "<group>";
		};
		D461821B2234614F006B72A7 /* TGCharts */ = {
			isa = PBXGroup;
			children = (
				D4618231223464D9006B72A7 /* Heartbeat */,
				D461827E2235A545006B72A7 /* Logic */,
				D461822E223461F4006B72A7 /* Modules */,
				D461828B22362F72006B72A7 /* Controls */,
				D461827B2235A401006B72A7 /* Extensions */,
				D461823422346575006B72A7 /* DesignBook */,
				D461821C2234614F006B72A7 /* AppDelegate.swift */,
				D461822322346151006B72A7 /* Assets.xcassets */,
				D461822522346151006B72A7 /* LaunchScreen.storyboard */,
				D461822822346151006B72A7 /* Info.plist */,
				D46182682234E0D5006B72A7 /* Localizable.strings */,
				D461826F223595A8006B72A7 /* chart_data.json */,
			);
			path = TGCharts;
			sourceTree = "<group>";
		};
		D461822E223461F4006B72A7 /* Modules */ = {
			isa = PBXGroup;
			children = (
				D46182462234D7B8006B72A7 /* BaseRouter.swift */,
				D46182582234DB2B006B72A7 /* BaseInteractor.swift */,
				D461824E2234D97B006B72A7 /* BaseViewController.swift */,
				D46182502234D99B006B72A7 /* BaseNavigationController.swift */,
				D461822F2234634D006B72A7 /* Root */,
				D4618230223463C1006B72A7 /* Stat */,
			);
			path = Modules;
			sourceTree = "<group>";
		};
		D461822F2234634D006B72A7 /* Root */ = {
			isa = PBXGroup;
			children = (
				D46182482234D7E4006B72A7 /* RootRouter.swift */,
				D461824A2234D7E4006B72A7 /* RootInteractor.swift */,
				D46182492234D7E4006B72A7 /* RootViewController.swift */,
			);
			path = Root;
			sourceTree = "<group>";
		};
		D4618230223463C1006B72A7 /* Stat */ = {
			isa = PBXGroup;
			children = (
				D46182522234DA0D006B72A7 /* StatRouter.swift */,
				D46182542234DA0D006B72A7 /* StatInteractor.swift */,
				D46182532234DA0D006B72A7 /* StatViewController.swift */,
				D461826D2234E35E006B72A7 /* StatDataSource.swift */,
				D42658D1223678CC00FB79AB /* StatSectionHeader.swift */,
			);
			path = Stat;
			sourceTree = "<group>";
		};
		D4618231223464D9006B72A7 /* Heartbeat */ = {
			isa = PBXGroup;
			children = (
				D461823222346536006B72A7 /* Heartbeat.swift */,
				D461823722346642006B72A7 /* Providers */,
				D46182712235984C006B72A7 /* Workers */,
			);
			path = Heartbeat;
			sourceTree = "<group>";
		};
		D461823422346575006B72A7 /* DesignBook */ = {
			isa = PBXGroup;
			children = (
				D461824422346FF3006B72A7 /* DesignTypes.swift */,
				D4618235223465B2006B72A7 /* DesignBook.swift */,
			);
			path = DesignBook;
			sourceTree = "<group>";
		};
		D461823722346642006B72A7 /* Providers */ = {
			isa = PBXGroup;
			children = (
				D461823822346690006B72A7 /* HeartbeatProviders.swift */,
				D461823C22346771006B72A7 /* LocaleProvider */,
				D461823F22346BE0006B72A7 /* FormattingProvider */,
			);
			path = Providers;
			sourceTree = "<group>";
		};
		D461823C22346771006B72A7 /* LocaleProvider */ = {
			isa = PBXGroup;
			children = (
				D461823A22346760006B72A7 /* LocaleProvider.swift */,
			);
			path = LocaleProvider;
			sourceTree = "<group>";
		};
		D461823F22346BE0006B72A7 /* FormattingProvider */ = {
			isa = PBXGroup;
			children = (
				D461824222346C30006B72A7 /* FormattingTypes.swift */,
				D461824022346BEC006B72A7 /* FormattingProvider.swift */,
			);
			path = FormattingProvider;
			sourceTree = "<group>";
		};
		D46182712235984C006B72A7 /* Workers */ = {
			isa = PBXGroup;
			children = (
				D461827322359873006B72A7 /* HeartbeatWorkers.swift */,
				D46182722235985E006B72A7 /* StatWorker */,
			);
			path = Workers;
			sourceTree = "<group>";
		};
		D46182722235985E006B72A7 /* StatWorker */ = {
			isa = PBXGroup;
			children = (
				D461827722359927006B72A7 /* StatTypes.swift */,
				D461827522359895006B72A7 /* StatWorker.swift */,
				D46182792235A0D5006B72A7 /* StatParser.swift */,
			);
			path = StatWorker;
			sourceTree = "<group>";
		};
		D461827B2235A401006B72A7 /* Extensions */ = {
			isa = PBXGroup;
			children = (
				D46182892235C902006B72A7 /* UIColorExtensions.swift */,
				D42B7A5722398B8A00733F2F /* CGRectExtensions.swift */,
				D45B78A8223A673D002134ED /* CGPointExtensions.swift */,
				D45B78AA223A67D3002134ED /* CGVectorExtensions.swift */,
			);
			path = Extensions;
			sourceTree = "<group>";
		};
		D461827E2235A545006B72A7 /* Logic */ = {
			isa = PBXGroup;
			children = (
				D4F4610A2238C60B00EDDF90 /* global.swift */,
				D46182842235AF56006B72A7 /* BroadcastObservable */,
				D461827F2235A553006B72A7 /* JsonReader */,
			);
			path = Logic;
			sourceTree = "<group>";
		};
		D461827F2235A553006B72A7 /* JsonReader */ = {
			isa = PBXGroup;
			children = (
				D46182802235A571006B72A7 /* JsonReader.swift */,
			);
			path = JsonReader;
			sourceTree = "<group>";
		};
		D46182842235AF56006B72A7 /* BroadcastObservable */ = {
			isa = PBXGroup;
			children = (
				D46182872235AFB6006B72A7 /* BroadcastObserver.swift */,
				D46182852235AF64006B72A7 /* BroadcastObservable.swift */,
			);
			path = BroadcastObservable;
			sourceTree = "<group>";
		};
		D461828B22362F72006B72A7 /* Controls */ = {
			isa = PBXGroup;
			children = (
				D461828C22363090006B72A7 /* ChartControl */,
			);
			path = Controls;
			sourceTree = "<group>";
		};
		D461828C22363090006B72A7 /* ChartControl */ = {
			isa = PBXGroup;
			children = (
				D42658CF2236341000FB79AB /* ChartTypes.swift */,
				D461828D223630A0006B72A7 /* ChartControl.swift */,
				D461828F223630AE006B72A7 /* ChartView.swift */,
				D45B78A0223A5A22002134ED /* ChartInteractor.swift */,
				D45B78A3223A60B8002134ED /* Scenarios */,
				D48EEF5A2237C6D300C232E6 /* Nodes */,
			);
			path = ChartControl;
			sourceTree = "<group>";
		};
		D48EEF5A2237C6D300C232E6 /* Nodes */ = {
			isa = PBXGroup;
			children = (
				D42B7A512239779B00733F2F /* ChartScene.swift */,
				D4984A95225A6B150008C552 /* ChartHeader.swift */,
				D45D92702244393C004E136C /* Basic */,
				D4984A99225A80020008C552 /* ChartOptions */,
				D4BE0CAE223D8FF1001DEE03 /* ChartSlicableNode.swift */,
				D48EEF5B2237C6ED00C232E6 /* ChartGraphNode.swift */,
				D4984AA0225B47340008C552 /* ChartGuideNode.swift */,
				D4984AA2225B4AE00008C552 /* ChartPointerNode.swift */,
				D4984A9E225B42950008C552 /* ChartLineGraphNode.swift */,
				D4BE0CAC223D8FAC001DEE03 /* ChartTimelineNode.swift */,
				D42B7A4F2239750400733F2F /* ChartNavigatorNode.swift */,
				D42B7A4D22396D6800733F2F /* ChartSliderNode.swift */,
				D45B789E223A521A002134ED /* ChartSliderArrowNode.swift */,
				D4AECB0D224156D300AE5D89 /* ChartPointerCloudNode.swift */,
				D45D926E224411EB004E136C /* ChartVerticalStepNode.swift */,
			);
			path = Nodes;
			sourceTree = "<group>";
		};
		D4984A99225A80020008C552 /* ChartOptions */ = {
			isa = PBXGroup;
			children = (
				D4984A9A225A80180008C552 /* ChartOptionsTypes.swift */,
				D4984A97225A78BD0008C552 /* ChartOptions.swift */,
				D4984A9C225A80320008C552 /* ChartOptionToken.swift */,
			);
			path = ChartOptions;
			sourceTree = "<group>";
		};
/* End PBXGroup section */

/* Begin PBXNativeTarget section */
		D46182182234614F006B72A7 /* TGCharts */ = {
			isa = PBXNativeTarget;
			buildConfigurationList = D461822B22346151006B72A7 /* Build configuration list for PBXNativeTarget "TGCharts" */;
			buildPhases = (
				D46182152234614F006B72A7 /* Sources */,
				D46182162234614F006B72A7 /* Frameworks */,
				D46182172234614F006B72A7 /* Resources */,
			);
			buildRules = (
			);
			dependencies = (
			);
			name = TGCharts;
			productName = TGCharts;
			productReference = D46182192234614F006B72A7 /* TGCharts.app */;
			productType = "com.apple.product-type.application";
		};
/* End PBXNativeTarget section */

/* Begin PBXProject section */
		D46182112234614F006B72A7 /* Project object */ = {
			isa = PBXProject;
			attributes = {
				LastSwiftUpdateCheck = 1010;
				LastUpgradeCheck = 1010;
				ORGANIZATIONNAME = bronenos;
				TargetAttributes = {
					D46182182234614F006B72A7 = {
						CreatedOnToolsVersion = 10.1;
						LastSwiftMigration = 1020;
						SystemCapabilities = {
							com.apple.GameCenter.iOS = {
								enabled = 1;
							};
							com.apple.InAppPurchase = {
								enabled = 1;
							};
						};
					};
				};
			};
			buildConfigurationList = D46182142234614F006B72A7 /* Build configuration list for PBXProject "TGCharts" */;
			compatibilityVersion = "Xcode 9.3";
			developmentRegion = en;
			hasScannedForEncodings = 0;
			knownRegions = (
				en,
				Base,
				ru,
			);
			mainGroup = D46182102234614F006B72A7;
			productRefGroup = D461821A2234614F006B72A7 /* Products */;
			projectDirPath = "";
			projectRoot = "";
			targets = (
				D46182182234614F006B72A7 /* TGCharts */,
			);
		};
/* End PBXProject section */

/* Begin PBXResourcesBuildPhase section */
		D46182172234614F006B72A7 /* Resources */ = {
			isa = PBXResourcesBuildPhase;
			buildActionMask = 2147483647;
			files = (
				D461822722346151006B72A7 /* LaunchScreen.storyboard in Resources */,
				D46182662234E0D5006B72A7 /* Localizable.strings in Resources */,
				D4618270223595A8006B72A7 /* chart_data.json in Resources */,
				D461822422346151006B72A7 /* Assets.xcassets in Resources */,
			);
			runOnlyForDeploymentPostprocessing = 0;
		};
/* End PBXResourcesBuildPhase section */

/* Begin PBXSourcesBuildPhase section */
		D46182152234614F006B72A7 /* Sources */ = {
			isa = PBXSourcesBuildPhase;
			buildActionMask = 2147483647;
			files = (
				D461828A2235C902006B72A7 /* UIColorExtensions.swift in Sources */,
				D461827422359873006B72A7 /* HeartbeatWorkers.swift in Sources */,
				D4984A9B225A80180008C552 /* ChartOptionsTypes.swift in Sources */,
				D45B78A5223A60EE002134ED /* ChartInteractorScenario.swift in Sources */,
				D461824322346C30006B72A7 /* FormattingTypes.swift in Sources */,
				D4984A9F225B42950008C552 /* ChartLineGraphNode.swift in Sources */,
				D42B7A522239779B00733F2F /* ChartScene.swift in Sources */,
				D461823B22346760006B72A7 /* LocaleProvider.swift in Sources */,
				D46182862235AF64006B72A7 /* BroadcastObservable.swift in Sources */,
				D48EEF5C2237C6EE00C232E6 /* ChartGraphNode.swift in Sources */,
				D4984AA3225B4AE00008C552 /* ChartPointerNode.swift in Sources */,
				D461824C2234D7E4006B72A7 /* RootViewController.swift in Sources */,
				D42B7A502239750400733F2F /* ChartNavigatorNode.swift in Sources */,
				D4618290223630AE006B72A7 /* ChartView.swift in Sources */,
				D4984A96225A6B150008C552 /* ChartHeader.swift in Sources */,
				D4984A98225A78BD0008C552 /* ChartOptions.swift in Sources */,
				D461827A2235A0D5006B72A7 /* StatParser.swift in Sources */,
				D46182592234DB2B006B72A7 /* BaseInteractor.swift in Sources */,
				D4618236223465B2006B72A7 /* DesignBook.swift in Sources */,
				D461824522346FF3006B72A7 /* DesignTypes.swift in Sources */,
				D4F4610B2238C60B00EDDF90 /* global.swift in Sources */,
				D4AECB102241734000AE5D89 /* ChartInteractionPointScenario.swift in Sources */,
				D4D0F25B223AB37300F69F8C /* ChartInteractionScaleScenario.swift in Sources */,
				D4984AA1225B47340008C552 /* ChartGuideNode.swift in Sources */,
				D4984A9D225A80320008C552 /* ChartOptionToken.swift in Sources */,
				D42B7A4C223952E800733F2F /* ChartNode.swift in Sources */,
				D461827622359895006B72A7 /* StatWorker.swift in Sources */,
				D4BE0CAD223D8FAC001DEE03 /* ChartTimelineNode.swift in Sources */,
				D42658D02236341000FB79AB /* ChartTypes.swift in Sources */,
				D461824F2234D97B006B72A7 /* BaseViewController.swift in Sources */,
				D461824D2234D7E4006B72A7 /* RootInteractor.swift in Sources */,
				D4BE0CAF223D8FF1001DEE03 /* ChartSlicableNode.swift in Sources */,
				D46182562234DA0D006B72A7 /* StatViewController.swift in Sources */,
				D42658D2223678CC00FB79AB /* StatSectionHeader.swift in Sources */,
				D46182552234DA0D006B72A7 /* StatRouter.swift in Sources */,
				D46182512234D99B006B72A7 /* BaseNavigationController.swift in Sources */,
				D461823922346690006B72A7 /* HeartbeatProviders.swift in Sources */,
				D461821D2234614F006B72A7 /* AppDelegate.swift in Sources */,
				D45D926F224411EB004E136C /* ChartVerticalStepNode.swift in Sources */,
				D45B78A7223A610C002134ED /* ChartInteractorMoveScenario.swift in Sources */,
				D45B78A9223A673D002134ED /* CGPointExtensions.swift in Sources */,
				D46182812235A571006B72A7 /* JsonReader.swift in Sources */,
				D46182472234D7B8006B72A7 /* BaseRouter.swift in Sources */,
				D45B78AB223A67D3002134ED /* CGVectorExtensions.swift in Sources */,
				D461828E223630A0006B72A7 /* ChartControl.swift in Sources */,
				D461826E2234E35E006B72A7 /* StatDataSource.swift in Sources */,
				D42B7A4E22396D6800733F2F /* ChartSliderNode.swift in Sources */,
				D461824B2234D7E4006B72A7 /* RootRouter.swift in Sources */,
				D46182882235AFB6006B72A7 /* BroadcastObserver.swift in Sources */,
				D42B7A562239893E00733F2F /* ChartFigureNode.swift in Sources */,
				D4BE0CB1223D929E001DEE03 /* ChartLabelNode.swift in Sources */,
				D461824122346BEC006B72A7 /* FormattingProvider.swift in Sources */,
				D45B789F223A521A002134ED /* ChartSliderArrowNode.swift in Sources */,
				D45B78A1223A5A22002134ED /* ChartInteractor.swift in Sources */,
				D42B7A5822398B8A00733F2F /* CGRectExtensions.swift in Sources */,
				D461827822359927006B72A7 /* StatTypes.swift in Sources */,
				D46182572234DA0D006B72A7 /* StatInteractor.swift in Sources */,
				D4AECB0E224156D300AE5D89 /* ChartPointerCloudNode.swift in Sources */,
				D461823322346536006B72A7 /* Heartbeat.swift in Sources */,
			);
			runOnlyForDeploymentPostprocessing = 0;
		};
/* End PBXSourcesBuildPhase section */

/* Begin PBXVariantGroup section */
		D461822522346151006B72A7 /* LaunchScreen.storyboard */ = {
			isa = PBXVariantGroup;
			children = (
				D46182612234DFED006B72A7 /* ru */,
				D46182632234DFF6006B72A7 /* Base */,
			);
			name = LaunchScreen.storyboard;
			sourceTree = "<group>";
		};
		D46182682234E0D5006B72A7 /* Localizable.strings */ = {
			isa = PBXVariantGroup;
			children = (
				D46182692234E0D9006B72A7 /* ru */,
				D461826A2234E106006B72A7 /* Base */,
			);
			name = Localizable.strings;
			sourceTree = "<group>";
		};
/* End PBXVariantGroup section */

/* Begin XCBuildConfiguration section */
		D461822922346151006B72A7 /* Debug */ = {
			isa = XCBuildConfiguration;
			buildSettings = {
				ALWAYS_SEARCH_USER_PATHS = NO;
				CLANG_ANALYZER_LOCALIZABILITY_NONLOCALIZED = YES;
				CLANG_ANALYZER_NONNULL = YES;
				CLANG_ANALYZER_NUMBER_OBJECT_CONVERSION = YES_AGGRESSIVE;
				CLANG_CXX_LANGUAGE_STANDARD = "gnu++14";
				CLANG_CXX_LIBRARY = "libc++";
				CLANG_ENABLE_MODULES = YES;
				CLANG_ENABLE_OBJC_ARC = YES;
				CLANG_ENABLE_OBJC_WEAK = YES;
				CLANG_WARN_BLOCK_CAPTURE_AUTORELEASING = YES;
				CLANG_WARN_BOOL_CONVERSION = YES;
				CLANG_WARN_COMMA = YES;
				CLANG_WARN_CONSTANT_CONVERSION = YES;
				CLANG_WARN_DEPRECATED_OBJC_IMPLEMENTATIONS = YES;
				CLANG_WARN_DIRECT_OBJC_ISA_USAGE = YES_ERROR;
				CLANG_WARN_DOCUMENTATION_COMMENTS = YES;
				CLANG_WARN_EMPTY_BODY = YES;
				CLANG_WARN_ENUM_CONVERSION = YES;
				CLANG_WARN_INFINITE_RECURSION = YES;
				CLANG_WARN_INT_CONVERSION = YES;
				CLANG_WARN_NON_LITERAL_NULL_CONVERSION = YES;
				CLANG_WARN_OBJC_IMPLICIT_RETAIN_SELF = YES;
				CLANG_WARN_OBJC_LITERAL_CONVERSION = YES;
				CLANG_WARN_OBJC_ROOT_CLASS = YES_ERROR;
				CLANG_WARN_RANGE_LOOP_ANALYSIS = YES;
				CLANG_WARN_STRICT_PROTOTYPES = YES;
				CLANG_WARN_SUSPICIOUS_MOVE = YES;
				CLANG_WARN_UNGUARDED_AVAILABILITY = YES_AGGRESSIVE;
				CLANG_WARN_UNREACHABLE_CODE = YES;
				CLANG_WARN__DUPLICATE_METHOD_MATCH = YES;
				CODE_SIGN_IDENTITY = "iPhone Developer";
				CODE_SIGN_INJECT_BASE_ENTITLEMENTS = NO;
				COPY_PHASE_STRIP = NO;
				DEBUG_INFORMATION_FORMAT = "dwarf-with-dsym";
				ENABLE_STRICT_OBJC_MSGSEND = YES;
				ENABLE_TESTABILITY = YES;
				GCC_C_LANGUAGE_STANDARD = gnu11;
				GCC_DYNAMIC_NO_PIC = NO;
				GCC_NO_COMMON_BLOCKS = YES;
				GCC_OPTIMIZATION_LEVEL = 0;
				GCC_PREPROCESSOR_DEFINITIONS = (
					"DEBUG=1",
					"$(inherited)",
				);
				GCC_WARN_64_TO_32_BIT_CONVERSION = YES;
				GCC_WARN_ABOUT_RETURN_TYPE = YES_ERROR;
				GCC_WARN_UNDECLARED_SELECTOR = YES;
				GCC_WARN_UNINITIALIZED_AUTOS = YES_AGGRESSIVE;
				GCC_WARN_UNUSED_FUNCTION = YES;
				GCC_WARN_UNUSED_VARIABLE = YES;
				IPHONEOS_DEPLOYMENT_TARGET = 10.0;
				MTL_ENABLE_DEBUG_INFO = INCLUDE_SOURCE;
				MTL_FAST_MATH = YES;
				ONLY_ACTIVE_ARCH = YES;
				SDKROOT = iphoneos;
				SWIFT_ACTIVE_COMPILATION_CONDITIONS = DEBUG;
				SWIFT_OPTIMIZATION_LEVEL = "-Onone";
			};
			name = Debug;
		};
		D461822A22346151006B72A7 /* Release */ = {
			isa = XCBuildConfiguration;
			buildSettings = {
				ALWAYS_SEARCH_USER_PATHS = NO;
				CLANG_ANALYZER_LOCALIZABILITY_NONLOCALIZED = YES;
				CLANG_ANALYZER_NONNULL = YES;
				CLANG_ANALYZER_NUMBER_OBJECT_CONVERSION = YES_AGGRESSIVE;
				CLANG_CXX_LANGUAGE_STANDARD = "gnu++14";
				CLANG_CXX_LIBRARY = "libc++";
				CLANG_ENABLE_MODULES = YES;
				CLANG_ENABLE_OBJC_ARC = YES;
				CLANG_ENABLE_OBJC_WEAK = YES;
				CLANG_WARN_BLOCK_CAPTURE_AUTORELEASING = YES;
				CLANG_WARN_BOOL_CONVERSION = YES;
				CLANG_WARN_COMMA = YES;
				CLANG_WARN_CONSTANT_CONVERSION = YES;
				CLANG_WARN_DEPRECATED_OBJC_IMPLEMENTATIONS = YES;
				CLANG_WARN_DIRECT_OBJC_ISA_USAGE = YES_ERROR;
				CLANG_WARN_DOCUMENTATION_COMMENTS = YES;
				CLANG_WARN_EMPTY_BODY = YES;
				CLANG_WARN_ENUM_CONVERSION = YES;
				CLANG_WARN_INFINITE_RECURSION = YES;
				CLANG_WARN_INT_CONVERSION = YES;
				CLANG_WARN_NON_LITERAL_NULL_CONVERSION = YES;
				CLANG_WARN_OBJC_IMPLICIT_RETAIN_SELF = YES;
				CLANG_WARN_OBJC_LITERAL_CONVERSION = YES;
				CLANG_WARN_OBJC_ROOT_CLASS = YES_ERROR;
				CLANG_WARN_RANGE_LOOP_ANALYSIS = YES;
				CLANG_WARN_STRICT_PROTOTYPES = YES;
				CLANG_WARN_SUSPICIOUS_MOVE = YES;
				CLANG_WARN_UNGUARDED_AVAILABILITY = YES_AGGRESSIVE;
				CLANG_WARN_UNREACHABLE_CODE = YES;
				CLANG_WARN__DUPLICATE_METHOD_MATCH = YES;
				CODE_SIGN_IDENTITY = "iPhone Distribution: Stanislav Potemkin (V8NCXSZ3T7)";
				CODE_SIGN_INJECT_BASE_ENTITLEMENTS = NO;
				COPY_PHASE_STRIP = NO;
				DEBUG_INFORMATION_FORMAT = "dwarf-with-dsym";
				ENABLE_NS_ASSERTIONS = NO;
				ENABLE_STRICT_OBJC_MSGSEND = YES;
				GCC_C_LANGUAGE_STANDARD = gnu11;
				GCC_NO_COMMON_BLOCKS = YES;
				GCC_WARN_64_TO_32_BIT_CONVERSION = YES;
				GCC_WARN_ABOUT_RETURN_TYPE = YES_ERROR;
				GCC_WARN_UNDECLARED_SELECTOR = YES;
				GCC_WARN_UNINITIALIZED_AUTOS = YES_AGGRESSIVE;
				GCC_WARN_UNUSED_FUNCTION = YES;
				GCC_WARN_UNUSED_VARIABLE = YES;
				IPHONEOS_DEPLOYMENT_TARGET = 10.0;
				MTL_ENABLE_DEBUG_INFO = NO;
				MTL_FAST_MATH = YES;
				SDKROOT = iphoneos;
				SWIFT_COMPILATION_MODE = wholemodule;
				SWIFT_OPTIMIZATION_LEVEL = "-O";
				VALIDATE_PRODUCT = YES;
			};
			name = Release;
		};
		D461822C22346151006B72A7 /* Debug */ = {
			isa = XCBuildConfiguration;
			buildSettings = {
				ASSETCATALOG_COMPILER_APPICON_NAME = AppIcon;
				CODE_SIGN_STYLE = Manual;
				DEVELOPMENT_TEAM = V8NCXSZ3T7;
				INFOPLIST_FILE = TGCharts/Info.plist;
				LD_RUNPATH_SEARCH_PATHS = (
					"$(inherited)",
					"@executable_path/Frameworks",
				);
				PRODUCT_BUNDLE_IDENTIFIER = me.bronenos.TGCharts;
				PRODUCT_NAME = "$(TARGET_NAME)";
				PROVISIONING_PROFILE_SPECIFIER = "TGCharts dev";
				SWIFT_VERSION = 5.0;
				TARGETED_DEVICE_FAMILY = "1,2";
			};
			name = Debug;
		};
		D461822D22346151006B72A7 /* Release */ = {
			isa = XCBuildConfiguration;
			buildSettings = {
				ASSETCATALOG_COMPILER_APPICON_NAME = AppIcon;
				CODE_SIGN_STYLE = Manual;
				DEVELOPMENT_TEAM = V8NCXSZ3T7;
				INFOPLIST_FILE = TGCharts/Info.plist;
				LD_RUNPATH_SEARCH_PATHS = (
					"$(inherited)",
					"@executable_path/Frameworks",
				);
				PRODUCT_BUNDLE_IDENTIFIER = me.bronenos.TGCharts;
				PRODUCT_NAME = "$(TARGET_NAME)";
				PROVISIONING_PROFILE_SPECIFIER = "TGCharts adhoc";
				SWIFT_VERSION = 5.0;
				TARGETED_DEVICE_FAMILY = "1,2";
			};
			name = Release;
		};
/* End XCBuildConfiguration section */

/* Begin XCConfigurationList section */
		D46182142234614F006B72A7 /* Build configuration list for PBXProject "TGCharts" */ = {
			isa = XCConfigurationList;
			buildConfigurations = (
				D461822922346151006B72A7 /* Debug */,
				D461822A22346151006B72A7 /* Release */,
			);
			defaultConfigurationIsVisible = 0;
			defaultConfigurationName = Release;
		};
		D461822B22346151006B72A7 /* Build configuration list for PBXNativeTarget "TGCharts" */ = {
			isa = XCConfigurationList;
			buildConfigurations = (
				D461822C22346151006B72A7 /* Debug */,
				D461822D22346151006B72A7 /* Release */,
			);
			defaultConfigurationIsVisible = 0;
			defaultConfigurationName = Release;
		};
/* End XCConfigurationList section */
	};
	rootObject = D46182112234614F006B72A7 /* Project object */;
}
